
Microsoft Visual Studio Solution File, Format Version 12.00
# Visual Studio 15
VisualStudioVersion = 15.0.27004.2005
MinimumVisualStudioVersion = 10.0.40219.1
Project("{FAE04EC0-301F-11D3-BF4B-00C04F79EFBC}") = "ConsignmentShopUI", "ConsignmentShopUI\ConsignmentShopUI.csproj", "{03140D19-B2AB-4E56-9205-ECE32B5F6DF8}"
EndProject
Project("{FAE04EC0-301F-11D3-BF4B-00C04F79EFBC}") = "ConsignmentClassLibrary", "ConsignmentClassLibrary\ConsignmentClassLibrary.csproj", "{8493CD36-458A-4CF2-A1D3-E13CC4D2BBDA}"
EndProject
Global
	GlobalSection(SolutionConfigurationPlatforms) = preSolution
		Debug|Any CPU = Debug|Any CPU
		Release|Any CPU = Release|Any CPU
	EndGlobalSection
	GlobalSection(ProjectConfigurationPlatforms) = postSolution
		{03140D19-B2AB-4E56-9205-ECE32B5F6DF8}.Debug|Any CPU.ActiveCfg = Debug|Any CPU
		{03140D19-B2AB-4E56-9205-ECE32B5F6DF8}.Debug|Any CPU.Build.0 = Debug|Any CPU
		{03140D19-B2AB-4E56-9205-ECE32B5F6DF8}.Release|Any CPU.ActiveCfg = Release|Any CPU
		{03140D19-B2AB-4E56-9205-ECE32B5F6DF8}.Release|Any CPU.Build.0 = Release|Any CPU
		{8493CD36-458A-4CF2-A1D3-E13CC4D2BBDA}.Debug|Any CPU.ActiveCfg = Debug|Any CPU
		{8493CD36-458A-4CF2-A1D3-E13CC4D2BBDA}.Debug|Any CPU.Build.0 = Debug|Any CPU
		{8493CD36-458A-4CF2-A1D3-E13CC4D2BBDA}.Release|Any CPU.ActiveCfg = Release|Any CPU
		{8493CD36-458A-4CF2-A1D3-E13CC4D2BBDA}.Release|Any CPU.Build.0 = Release|Any CPU
	EndGlobalSection
	GlobalSection(SolutionProperties) = preSolution
		HideSolutionNode = FALSE
	EndGlobalSection
	GlobalSection(ExtensibilityGlobals) = postSolution
		SolutionGuid = {0BF07199-EE35-4064-9C8A-7D1E6925E9C5}
	EndGlobalSection
EndGlobal
